
Microsoft Visual Studio Solution File, Format Version 12.00
# Visual Studio 14
VisualStudioVersion = 14.0.24720.0
MinimumVisualStudioVersion = 10.0.40219.1
Project("{2150E333-8FDC-42A3-9474-1A3956D46DE8}") = "src", "src", "{1F046544-6D82-48C2-8977-50E6F44D8251}"
EndProject
Project("{2150E333-8FDC-42A3-9474-1A3956D46DE8}") = "Solution Items", "Solution Items", "{6CFAA8FA-2C32-48B0-8D0F-F677F3284EF0}"
	ProjectSection(SolutionItems) = preProject
		global.json = global.json
	EndProjectSection
EndProject
Project("{8BB2217D-0F2D-49D1-97BC-3654ED321F3B}") = "WebApplication1", "src\WebApplication1\WebApplication1.xproj", "{D8D9183A-6BB1-4095-A980-0814EE0C7992}"
EndProject
Global
	GlobalSection(SolutionConfigurationPlatforms) = preSolution
		Debug|Any CPU = Debug|Any CPU
		Release|Any CPU = Release|Any CPU
	EndGlobalSection
	GlobalSection(ProjectConfigurationPlatforms) = postSolution
		{D8D9183A-6BB1-4095-A980-0814EE0C7992}.Debug|Any CPU.ActiveCfg = Debug|Any CPU
		{D8D9183A-6BB1-4095-A980-0814EE0C7992}.Debug|Any CPU.Build.0 = Debug|Any CPU
		{D8D9183A-6BB1-4095-A980-0814EE0C7992}.Release|Any CPU.ActiveCfg = Release|Any CPU
		{D8D9183A-6BB1-4095-A980-0814EE0C7992}.Release|Any CPU.Build.0 = Release|Any CPU
	EndGlobalSection
	GlobalSection(SolutionProperties) = preSolution
		HideSolutionNode = FALSE
	EndGlobalSection
	GlobalSection(NestedProjects) = preSolution
		{D8D9183A-6BB1-4095-A980-0814EE0C7992} = {1F046544-6D82-48C2-8977-50E6F44D8251}
	EndGlobalSection
EndGlobal
